
Microsoft Visual Studio Solution File, Format Version 12.00
Project("{FAE04EC0-301F-11D3-BF4B-00C04F79EFBC}") = "RtfParseSpike", "RtfParseSpike\RtfParseSpike.csproj", "{F19D3274-56DB-4E9E-A3BA-3E953DE9A259}"
EndProject
Project("{FAE04EC0-301F-11D3-BF4B-00C04F79EFBC}") = "RtfParseTests", "RtfParseTests\RtfParseTests.csproj", "{F55026F4-9EFD-47AF-8AEA-54502485F7EA}"
EndProject
Project("{FAE04EC0-301F-11D3-BF4B-00C04F79EFBC}") = "GetDocumentsFromComino", "GetDocumentsFromComino\GetDocumentsFromComino.csproj", "{1E8AFA83-6871-46D2-BC5C-95EC4FC925DC}"
EndProject
Project("{FAE04EC0-301F-11D3-BF4B-00C04F79EFBC}") = "Usecases", "Usecases\Usecases.csproj", "{011280B5-C9FB-45D3-972A-86F7468961EF}"
EndProject
Project("{FAE04EC0-301F-11D3-BF4B-00C04F79EFBC}") = "UsecaseTests", "UsecaseTests\UsecaseTests.csproj", "{01BD88E3-2EB1-443C-9E29-7343D9F82357}"
EndProject
Project("{FAE04EC0-301F-11D3-BF4B-00C04F79EFBC}") = "Gateways", "Gateways\Gateways.csproj", "{088B9DB6-9439-4D2B-978B-261AF2A1B4BB}"
EndProject
Project("{FAE04EC0-301F-11D3-BF4B-00C04F79EFBC}") = "GatewayTests", "GatewayTests\GatewayTests.csproj", "{A063B900-12C3-43CD-A39F-C71562B8B15F}"
EndProject
Project("{FAE04EC0-301F-11D3-BF4B-00C04F79EFBC}") = "LambdaTests", "LambdaTests\LambdaTests.csproj", "{46869836-2858-4969-A664-F618E3A39B89}"
EndProject
Global
	GlobalSection(SolutionConfigurationPlatforms) = preSolution
		Debug|Any CPU = Debug|Any CPU
		Release|Any CPU = Release|Any CPU
	EndGlobalSection
	GlobalSection(ProjectConfigurationPlatforms) = postSolution
		{F19D3274-56DB-4E9E-A3BA-3E953DE9A259}.Debug|Any CPU.ActiveCfg = Debug|Any CPU
		{F19D3274-56DB-4E9E-A3BA-3E953DE9A259}.Debug|Any CPU.Build.0 = Debug|Any CPU
		{F19D3274-56DB-4E9E-A3BA-3E953DE9A259}.Release|Any CPU.ActiveCfg = Release|Any CPU
		{F19D3274-56DB-4E9E-A3BA-3E953DE9A259}.Release|Any CPU.Build.0 = Release|Any CPU
		{F55026F4-9EFD-47AF-8AEA-54502485F7EA}.Debug|Any CPU.ActiveCfg = Debug|Any CPU
		{F55026F4-9EFD-47AF-8AEA-54502485F7EA}.Debug|Any CPU.Build.0 = Debug|Any CPU
		{F55026F4-9EFD-47AF-8AEA-54502485F7EA}.Release|Any CPU.ActiveCfg = Release|Any CPU
		{F55026F4-9EFD-47AF-8AEA-54502485F7EA}.Release|Any CPU.Build.0 = Release|Any CPU
		{1E8AFA83-6871-46D2-BC5C-95EC4FC925DC}.Debug|Any CPU.ActiveCfg = Debug|Any CPU
		{1E8AFA83-6871-46D2-BC5C-95EC4FC925DC}.Debug|Any CPU.Build.0 = Debug|Any CPU
		{1E8AFA83-6871-46D2-BC5C-95EC4FC925DC}.Release|Any CPU.ActiveCfg = Release|Any CPU
		{1E8AFA83-6871-46D2-BC5C-95EC4FC925DC}.Release|Any CPU.Build.0 = Release|Any CPU
		{011280B5-C9FB-45D3-972A-86F7468961EF}.Debug|Any CPU.ActiveCfg = Debug|Any CPU
		{011280B5-C9FB-45D3-972A-86F7468961EF}.Debug|Any CPU.Build.0 = Debug|Any CPU
		{011280B5-C9FB-45D3-972A-86F7468961EF}.Release|Any CPU.ActiveCfg = Release|Any CPU
		{011280B5-C9FB-45D3-972A-86F7468961EF}.Release|Any CPU.Build.0 = Release|Any CPU
		{01BD88E3-2EB1-443C-9E29-7343D9F82357}.Debug|Any CPU.ActiveCfg = Debug|Any CPU
		{01BD88E3-2EB1-443C-9E29-7343D9F82357}.Debug|Any CPU.Build.0 = Debug|Any CPU
		{01BD88E3-2EB1-443C-9E29-7343D9F82357}.Release|Any CPU.ActiveCfg = Release|Any CPU
		{01BD88E3-2EB1-443C-9E29-7343D9F82357}.Release|Any CPU.Build.0 = Release|Any CPU
		{088B9DB6-9439-4D2B-978B-261AF2A1B4BB}.Debug|Any CPU.ActiveCfg = Debug|Any CPU
		{088B9DB6-9439-4D2B-978B-261AF2A1B4BB}.Debug|Any CPU.Build.0 = Debug|Any CPU
		{088B9DB6-9439-4D2B-978B-261AF2A1B4BB}.Release|Any CPU.ActiveCfg = Release|Any CPU
		{088B9DB6-9439-4D2B-978B-261AF2A1B4BB}.Release|Any CPU.Build.0 = Release|Any CPU
		{A063B900-12C3-43CD-A39F-C71562B8B15F}.Debug|Any CPU.ActiveCfg = Debug|Any CPU
		{A063B900-12C3-43CD-A39F-C71562B8B15F}.Debug|Any CPU.Build.0 = Debug|Any CPU
		{A063B900-12C3-43CD-A39F-C71562B8B15F}.Release|Any CPU.ActiveCfg = Release|Any CPU
		{A063B900-12C3-43CD-A39F-C71562B8B15F}.Release|Any CPU.Build.0 = Release|Any CPU
		{46869836-2858-4969-A664-F618E3A39B89}.Debug|Any CPU.ActiveCfg = Debug|Any CPU
		{46869836-2858-4969-A664-F618E3A39B89}.Debug|Any CPU.Build.0 = Debug|Any CPU
		{46869836-2858-4969-A664-F618E3A39B89}.Release|Any CPU.ActiveCfg = Release|Any CPU
		{46869836-2858-4969-A664-F618E3A39B89}.Release|Any CPU.Build.0 = Release|Any CPU
	EndGlobalSection
EndGlobal
